
Microsoft Visual Studio Solution File, Format Version 12.00
# Visual Studio 2012
Project("{FAE04EC0-301F-11D3-BF4B-00C04F79EFBC}") = "TMDT_PG30", "TMDT_PG30\TMDT_PG30.csproj", "{45BD5964-D4B1-4DB1-BED1-B2E2CE68D587}"
EndProject
Global
	GlobalSection(SolutionConfigurationPlatforms) = preSolution
		Debug|Any CPU = Debug|Any CPU
		Release|Any CPU = Release|Any CPU
	EndGlobalSection
	GlobalSection(ProjectConfigurationPlatforms) = postSolution
		{45BD5964-D4B1-4DB1-BED1-B2E2CE68D587}.Debug|Any CPU.ActiveCfg = Debug|Any CPU
		{45BD5964-D4B1-4DB1-BED1-B2E2CE68D587}.Debug|Any CPU.Build.0 = Debug|Any CPU
		{45BD5964-D4B1-4DB1-BED1-B2E2CE68D587}.Release|Any CPU.ActiveCfg = Release|Any CPU
		{45BD5964-D4B1-4DB1-BED1-B2E2CE68D587}.Release|Any CPU.Build.0 = Release|Any CPU
	EndGlobalSection
	GlobalSection(SolutionProperties) = preSolution
		HideSolutionNode = FALSE
	EndGlobalSection
EndGlobal
